// !$*UTF8*$!
{
	archiveVersion = 1;
	classes = {
	};
	objectVersion = 46;
	objects = {

/* Begin PBXBuildFile section */
		F0013B1F1BBDAABE004787A1 /* main.m in Sources */ = {isa = PBXBuildFile; fileRef = F0013B1E1BBDAABE004787A1 /* main.m */; };
		F0013B221BBDAABE004787A1 /* AppDelegate.m in Sources */ = {isa = PBXBuildFile; fileRef = F0013B211BBDAABE004787A1 /* AppDelegate.m */; };
		F0013B251BBDAABE004787A1 /* ViewController.m in Sources */ = {isa = PBXBuildFile; fileRef = F0013B241BBDAABE004787A1 /* ViewController.m */; };
		F0013B281BBDAABE004787A1 /* Main.storyboard in Resources */ = {isa = PBXBuildFile; fileRef = F0013B261BBDAABE004787A1 /* Main.storyboard */; };
		F0013B2A1BBDAABE004787A1 /* Assets.xcassets in Resources */ = {isa = PBXBuildFile; fileRef = F0013B291BBDAABE004787A1 /* Assets.xcassets */; };
		F0013B2D1BBDAABE004787A1 /* LaunchScreen.storyboard in Resources */ = {isa = PBXBuildFile; fileRef = F0013B2B1BBDAABE004787A1 /* LaunchScreen.storyboard */; };
		F0013B381BBDAABE004787A1 /* XCCukeSampleAppTests.m in Sources */ = {isa = PBXBuildFile; fileRef = F0013B371BBDAABE004787A1 /* XCCukeSampleAppTests.m */; };
		F0013B431BBDAABE004787A1 /* XCSampleAppUITests.m in Sources */ = {isa = PBXBuildFile; fileRef = F0013B421BBDAABE004787A1 /* XCSampleAppUITests.m */; };
		F0013B691BBDAE05004787A1 /* AllFeatures.m in Sources */ = {isa = PBXBuildFile; fileRef = F0013B651BBDAE05004787A1 /* AllFeatures.m */; };
		F0013B6A1BBDAE05004787A1 /* ButtonTap.m in Sources */ = {isa = PBXBuildFile; fileRef = F0013B661BBDAE05004787A1 /* ButtonTap.m */; };
		F0013B6B1BBDAE05004787A1 /* ButtonTap.feature in Resources */ = {isa = PBXBuildFile; fileRef = F0013B681BBDAE05004787A1 /* ButtonTap.feature */; };
		F04512431BBFE32A0064CC43 /* LaunchAppObserver.m in Sources */ = {isa = PBXBuildFile; fileRef = F04512421BBFE32A0064CC43 /* LaunchAppObserver.m */; settings = {ASSET_TAGS = (); }; };
		F0AF996D1BBF220F00F6406D /* DeviceActions.feature in Resources */ = {isa = PBXBuildFile; fileRef = F0AF996C1BBF220F00F6406D /* DeviceActions.feature */; };
		F0BABA3E1BBDD54A001977A3 /* Navigation.swift in Sources */ = {isa = PBXBuildFile; fileRef = F0BABA3D1BBDD54A001977A3 /* Navigation.swift */; };
		F0C1AAD01BBDC3ED004C5B1E /* libXCCuke.a in Frameworks */ = {isa = PBXBuildFile; fileRef = F0C1AAC91BBDC27A004C5B1E /* libXCCuke.a */; };
		F0C1AAD21BBDC54C004C5B1E /* FailingSteps.feature in Resources */ = {isa = PBXBuildFile; fileRef = F0C1AAD11BBDC54C004C5B1E /* FailingSteps.feature */; };
		F0C1AAD41BBDC5A1004C5B1E /* FailingSteps.m in Sources */ = {isa = PBXBuildFile; fileRef = F0C1AAD31BBDC5A1004C5B1E /* FailingSteps.m */; };
/* End PBXBuildFile section */

/* Begin PBXContainerItemProxy section */
		F0013B341BBDAABE004787A1 /* PBXContainerItemProxy */ = {
			isa = PBXContainerItemProxy;
			containerPortal = F0013B121BBDAABE004787A1 /* Project object */;
			proxyType = 1;
			remoteGlobalIDString = F0013B191BBDAABE004787A1;
			remoteInfo = ObjectiveCukeSampleApp;
		};
		F0C1AAC81BBDC27A004C5B1E /* PBXContainerItemProxy */ = {
			isa = PBXContainerItemProxy;
			containerPortal = F0C1AAC31BBDC27A004C5B1E /* XCCuke.xcodeproj */;
			proxyType = 2;
			remoteGlobalIDString = F08C1FC21A8FFBE900DD5F76;
			remoteInfo = ObjectiveCuke;
		};
		F0C1AACA1BBDC27A004C5B1E /* PBXContainerItemProxy */ = {
			isa = PBXContainerItemProxy;
			containerPortal = F0C1AAC31BBDC27A004C5B1E /* XCCuke.xcodeproj */;
			proxyType = 2;
			remoteGlobalIDString = F08C1FCD1A8FFBE900DD5F76;
			remoteInfo = ObjectiveCukeTests;
		};
		F0C1AACC1BBDC3E7004C5B1E /* PBXContainerItemProxy */ = {
			isa = PBXContainerItemProxy;
			containerPortal = F0013B121BBDAABE004787A1 /* Project object */;
			proxyType = 1;
			remoteGlobalIDString = F0013B191BBDAABE004787A1;
			remoteInfo = ObjectiveCukeSampleApp;
		};
		F0C1AACE1BBDC3EA004C5B1E /* PBXContainerItemProxy */ = {
			isa = PBXContainerItemProxy;
			containerPortal = F0C1AAC31BBDC27A004C5B1E /* XCCuke.xcodeproj */;
			proxyType = 1;
			remoteGlobalIDString = F08C1FC11A8FFBE900DD5F76;
			remoteInfo = XCCuke;
		};
/* End PBXContainerItemProxy section */

/* Begin PBXFileReference section */
		F0013B1A1BBDAABE004787A1 /* XCCukeSampleApp.app */ = {isa = PBXFileReference; explicitFileType = wrapper.application; includeInIndex = 0; path = XCCukeSampleApp.app; sourceTree = BUILT_PRODUCTS_DIR; };
		F0013B1E1BBDAABE004787A1 /* main.m */ = {isa = PBXFileReference; lastKnownFileType = sourcecode.c.objc; path = main.m; sourceTree = "<group>"; };
		F0013B201BBDAABE004787A1 /* AppDelegate.h */ = {isa = PBXFileReference; lastKnownFileType = sourcecode.c.h; path = AppDelegate.h; sourceTree = "<group>"; };
		F0013B211BBDAABE004787A1 /* AppDelegate.m */ = {isa = PBXFileReference; lastKnownFileType = sourcecode.c.objc; path = AppDelegate.m; sourceTree = "<group>"; };
		F0013B231BBDAABE004787A1 /* ViewController.h */ = {isa = PBXFileReference; lastKnownFileType = sourcecode.c.h; path = ViewController.h; sourceTree = "<group>"; };
		F0013B241BBDAABE004787A1 /* ViewController.m */ = {isa = PBXFileReference; lastKnownFileType = sourcecode.c.objc; path = ViewController.m; sourceTree = "<group>"; };
		F0013B271BBDAABE004787A1 /* Base */ = {isa = PBXFileReference; lastKnownFileType = file.storyboard; name = Base; path = Base.lproj/Main.storyboard; sourceTree = "<group>"; };
		F0013B291BBDAABE004787A1 /* Assets.xcassets */ = {isa = PBXFileReference; lastKnownFileType = folder.assetcatalog; path = Assets.xcassets; sourceTree = "<group>"; };
		F0013B2C1BBDAABE004787A1 /* Base */ = {isa = PBXFileReference; lastKnownFileType = file.storyboard; name = Base; path = Base.lproj/LaunchScreen.storyboard; sourceTree = "<group>"; };
		F0013B2E1BBDAABE004787A1 /* Info.plist */ = {isa = PBXFileReference; lastKnownFileType = text.plist.xml; path = Info.plist; sourceTree = "<group>"; };
		F0013B331BBDAABE004787A1 /* XCCukeSampleAppTests.xctest */ = {isa = PBXFileReference; explicitFileType = wrapper.cfbundle; includeInIndex = 0; path = XCCukeSampleAppTests.xctest; sourceTree = BUILT_PRODUCTS_DIR; };
		F0013B371BBDAABE004787A1 /* XCCukeSampleAppTests.m */ = {isa = PBXFileReference; lastKnownFileType = sourcecode.c.objc; path = XCCukeSampleAppTests.m; sourceTree = "<group>"; };
		F0013B391BBDAABE004787A1 /* Info.plist */ = {isa = PBXFileReference; lastKnownFileType = text.plist.xml; path = Info.plist; sourceTree = "<group>"; };
		F0013B3E1BBDAABE004787A1 /* XCCukeSampleAppUITests.xctest */ = {isa = PBXFileReference; explicitFileType = wrapper.cfbundle; includeInIndex = 0; path = XCCukeSampleAppUITests.xctest; sourceTree = BUILT_PRODUCTS_DIR; };
		F0013B421BBDAABE004787A1 /* XCSampleAppUITests.m */ = {isa = PBXFileReference; lastKnownFileType = sourcecode.c.objc; path = XCSampleAppUITests.m; sourceTree = "<group>"; };
		F0013B441BBDAABE004787A1 /* Info.plist */ = {isa = PBXFileReference; lastKnownFileType = text.plist.xml; path = Info.plist; sourceTree = "<group>"; };
		F0013B651BBDAE05004787A1 /* AllFeatures.m */ = {isa = PBXFileReference; fileEncoding = 4; lastKnownFileType = sourcecode.c.objc; path = AllFeatures.m; sourceTree = "<group>"; };
		F0013B661BBDAE05004787A1 /* ButtonTap.m */ = {isa = PBXFileReference; fileEncoding = 4; lastKnownFileType = sourcecode.c.objc; path = ButtonTap.m; sourceTree = "<group>"; };
		F0013B681BBDAE05004787A1 /* ButtonTap.feature */ = {isa = PBXFileReference; fileEncoding = 4; lastKnownFileType = text; path = ButtonTap.feature; sourceTree = "<group>"; };
		F04512411BBFE32A0064CC43 /* LaunchAppObserver.h */ = {isa = PBXFileReference; fileEncoding = 4; lastKnownFileType = sourcecode.c.h; path = LaunchAppObserver.h; sourceTree = "<group>"; };
		F04512421BBFE32A0064CC43 /* LaunchAppObserver.m */ = {isa = PBXFileReference; fileEncoding = 4; lastKnownFileType = sourcecode.c.objc; path = LaunchAppObserver.m; sourceTree = "<group>"; };
		F0AF996C1BBF220F00F6406D /* DeviceActions.feature */ = {isa = PBXFileReference; fileEncoding = 4; lastKnownFileType = text; path = DeviceActions.feature; sourceTree = "<group>"; };
		F0BABA3C1BBDD549001977A3 /* XCCukeSampleAppUITests-Bridging-Header.h */ = {isa = PBXFileReference; lastKnownFileType = sourcecode.c.h; path = "XCCukeSampleAppUITests-Bridging-Header.h"; sourceTree = "<group>"; };
		F0BABA3D1BBDD54A001977A3 /* Navigation.swift */ = {isa = PBXFileReference; fileEncoding = 4; lastKnownFileType = sourcecode.swift; path = Navigation.swift; sourceTree = "<group>"; };
		F0C1AAC31BBDC27A004C5B1E /* XCCuke.xcodeproj */ = {isa = PBXFileReference; lastKnownFileType = "wrapper.pb-project"; name = XCCuke.xcodeproj; path = ../XCCuke.xcodeproj; sourceTree = "<group>"; };
		F0C1AAD11BBDC54C004C5B1E /* FailingSteps.feature */ = {isa = PBXFileReference; fileEncoding = 4; lastKnownFileType = text; path = FailingSteps.feature; sourceTree = "<group>"; };
		F0C1AAD31BBDC5A1004C5B1E /* FailingSteps.m */ = {isa = PBXFileReference; fileEncoding = 4; lastKnownFileType = sourcecode.c.objc; path = FailingSteps.m; sourceTree = "<group>"; };
/* End PBXFileReference section */

/* Begin PBXFrameworksBuildPhase section */
		F0013B171BBDAABE004787A1 /* Frameworks */ = {
			isa = PBXFrameworksBuildPhase;
			buildActionMask = 2147483647;
			files = (
			);
			runOnlyForDeploymentPostprocessing = 0;
		};
		F0013B301BBDAABE004787A1 /* Frameworks */ = {
			isa = PBXFrameworksBuildPhase;
			buildActionMask = 2147483647;
			files = (
			);
			runOnlyForDeploymentPostprocessing = 0;
		};
		F0013B3B1BBDAABE004787A1 /* Frameworks */ = {
			isa = PBXFrameworksBuildPhase;
			buildActionMask = 2147483647;
			files = (
				F0C1AAD01BBDC3ED004C5B1E /* libXCCuke.a in Frameworks */,
			);
			runOnlyForDeploymentPostprocessing = 0;
		};
/* End PBXFrameworksBuildPhase section */

/* Begin PBXGroup section */
		F0013B111BBDAABE004787A1 = {
			isa = PBXGroup;
			children = (
				F0C1AAC31BBDC27A004C5B1E /* XCCuke.xcodeproj */,
				F0013B1C1BBDAABE004787A1 /* XCCukeSampleApp */,
				F0013B361BBDAABE004787A1 /* XCCukeSampleAppTests */,
				F0013B411BBDAABE004787A1 /* XCCukeSampleAppUITests */,
				F0013B1B1BBDAABE004787A1 /* Products */,
			);
			sourceTree = "<group>";
		};
		F0013B1B1BBDAABE004787A1 /* Products */ = {
			isa = PBXGroup;
			children = (
				F0013B1A1BBDAABE004787A1 /* XCCukeSampleApp.app */,
				F0013B331BBDAABE004787A1 /* XCCukeSampleAppTests.xctest */,
				F0013B3E1BBDAABE004787A1 /* XCCukeSampleAppUITests.xctest */,
			);
			name = Products;
			sourceTree = "<group>";
		};
		F0013B1C1BBDAABE004787A1 /* XCCukeSampleApp */ = {
			isa = PBXGroup;
			children = (
				F0013B201BBDAABE004787A1 /* AppDelegate.h */,
				F0013B211BBDAABE004787A1 /* AppDelegate.m */,
				F0013B231BBDAABE004787A1 /* ViewController.h */,
				F0013B241BBDAABE004787A1 /* ViewController.m */,
				F0013B261BBDAABE004787A1 /* Main.storyboard */,
				F0013B291BBDAABE004787A1 /* Assets.xcassets */,
				F0013B2B1BBDAABE004787A1 /* LaunchScreen.storyboard */,
				F0013B2E1BBDAABE004787A1 /* Info.plist */,
				F0013B1D1BBDAABE004787A1 /* Supporting Files */,
			);
			path = XCCukeSampleApp;
			sourceTree = "<group>";
		};
		F0013B1D1BBDAABE004787A1 /* Supporting Files */ = {
			isa = PBXGroup;
			children = (
				F0013B1E1BBDAABE004787A1 /* main.m */,
			);
			name = "Supporting Files";
			sourceTree = "<group>";
		};
		F0013B361BBDAABE004787A1 /* XCCukeSampleAppTests */ = {
			isa = PBXGroup;
			children = (
				F0013B371BBDAABE004787A1 /* XCCukeSampleAppTests.m */,
				F0013B391BBDAABE004787A1 /* Info.plist */,
			);
			path = XCCukeSampleAppTests;
			sourceTree = "<group>";
		};
		F0013B411BBDAABE004787A1 /* XCCukeSampleAppUITests */ = {
			isa = PBXGroup;
			children = (
				F0013B651BBDAE05004787A1 /* AllFeatures.m */,
				F0013B661BBDAE05004787A1 /* ButtonTap.m */,
				F0BABA3D1BBDD54A001977A3 /* Navigation.swift */,
				F0C1AAD31BBDC5A1004C5B1E /* FailingSteps.m */,
				F0013B671BBDAE05004787A1 /* Features */,
				F0013B421BBDAABE004787A1 /* XCSampleAppUITests.m */,
				F0013B441BBDAABE004787A1 /* Info.plist */,
				F0BABA3C1BBDD549001977A3 /* XCCukeSampleAppUITests-Bridging-Header.h */,
				F04512411BBFE32A0064CC43 /* LaunchAppObserver.h */,
				F04512421BBFE32A0064CC43 /* LaunchAppObserver.m */,
			);
			path = XCCukeSampleAppUITests;
			sourceTree = "<group>";
		};
		F0013B671BBDAE05004787A1 /* Features */ = {
			isa = PBXGroup;
			children = (
				F0013B681BBDAE05004787A1 /* ButtonTap.feature */,
				F0C1AAD11BBDC54C004C5B1E /* FailingSteps.feature */,
				F0AF996C1BBF220F00F6406D /* DeviceActions.feature */,
			);
			path = Features;
			sourceTree = "<group>";
		};
		F0C1AAC41BBDC27A004C5B1E /* Products */ = {
			isa = PBXGroup;
			children = (
				F0C1AAC91BBDC27A004C5B1E /* libXCCuke.a */,
				F0C1AACB1BBDC27A004C5B1E /* XCCukeTests.xctest */,
			);
			name = Products;
			sourceTree = "<group>";
		};
/* End PBXGroup section */

/* Begin PBXNativeTarget section */
		F0013B191BBDAABE004787A1 /* XCCukeSampleApp */ = {
			isa = PBXNativeTarget;
			buildConfigurationList = F0013B471BBDAABE004787A1 /* Build configuration list for PBXNativeTarget "XCCukeSampleApp" */;
			buildPhases = (
				F0013B161BBDAABE004787A1 /* Sources */,
				F0013B171BBDAABE004787A1 /* Frameworks */,
				F0013B181BBDAABE004787A1 /* Resources */,
			);
			buildRules = (
			);
			dependencies = (
			);
			name = XCCukeSampleApp;
			productName = ObjectiveCukeSampleApp;
			productReference = F0013B1A1BBDAABE004787A1 /* XCCukeSampleApp.app */;
			productType = "com.apple.product-type.application";
		};
		F0013B321BBDAABE004787A1 /* XCCukeSampleAppTests */ = {
			isa = PBXNativeTarget;
			buildConfigurationList = F0013B4A1BBDAABE004787A1 /* Build configuration list for PBXNativeTarget "XCCukeSampleAppTests" */;
			buildPhases = (
				F0013B2F1BBDAABE004787A1 /* Sources */,
				F0013B301BBDAABE004787A1 /* Frameworks */,
				F0013B311BBDAABE004787A1 /* Resources */,
			);
			buildRules = (
			);
			dependencies = (
				F0013B351BBDAABE004787A1 /* PBXTargetDependency */,
			);
			name = XCCukeSampleAppTests;
			productName = ObjectiveCukeSampleAppTests;
			productReference = F0013B331BBDAABE004787A1 /* XCCukeSampleAppTests.xctest */;
			productType = "com.apple.product-type.bundle.unit-test";
		};
		F0013B3D1BBDAABE004787A1 /* XCCukeSampleAppUITests */ = {
			isa = PBXNativeTarget;
			buildConfigurationList = F0013B4D1BBDAABE004787A1 /* Build configuration list for PBXNativeTarget "XCCukeSampleAppUITests" */;
			buildPhases = (
				F0013B3A1BBDAABE004787A1 /* Sources */,
				F0013B3B1BBDAABE004787A1 /* Frameworks */,
				F0013B3C1BBDAABE004787A1 /* Resources */,
			);
			buildRules = (
			);
			dependencies = (
				F0C1AACF1BBDC3EA004C5B1E /* PBXTargetDependency */,
				F0C1AACD1BBDC3E7004C5B1E /* PBXTargetDependency */,
			);
			name = XCCukeSampleAppUITests;
			productName = ObjectiveCukeSampleAppUITests;
			productReference = F0013B3E1BBDAABE004787A1 /* XCCukeSampleAppUITests.xctest */;
			productType = "com.apple.product-type.bundle.ui-testing";
		};
/* End PBXNativeTarget section */

/* Begin PBXProject section */
		F0013B121BBDAABE004787A1 /* Project object */ = {
			isa = PBXProject;
			attributes = {
				LastSwiftUpdateCheck = 0700;
				LastUpgradeCheck = 0700;
				ORGANIZATIONNAME = initWithStyle;
				TargetAttributes = {
					F0013B191BBDAABE004787A1 = {
						CreatedOnToolsVersion = 7.0;
					};
					F0013B321BBDAABE004787A1 = {
						CreatedOnToolsVersion = 7.0;
						TestTargetID = F0013B191BBDAABE004787A1;
					};
					F0013B3D1BBDAABE004787A1 = {
						CreatedOnToolsVersion = 7.0;
						TestTargetID = F0013B191BBDAABE004787A1;
					};
				};
			};
			buildConfigurationList = F0013B151BBDAABE004787A1 /* Build configuration list for PBXProject "XCCukeSampleApp" */;
			compatibilityVersion = "Xcode 3.2";
			developmentRegion = English;
			hasScannedForEncodings = 0;
			knownRegions = (
				en,
				Base,
			);
			mainGroup = F0013B111BBDAABE004787A1;
			productRefGroup = F0013B1B1BBDAABE004787A1 /* Products */;
			projectDirPath = "";
			projectReferences = (
				{
					ProductGroup = F0C1AAC41BBDC27A004C5B1E /* Products */;
					ProjectRef = F0C1AAC31BBDC27A004C5B1E /* XCCuke.xcodeproj */;
				},
			);
			projectRoot = "";
			targets = (
				F0013B191BBDAABE004787A1 /* XCCukeSampleApp */,
				F0013B321BBDAABE004787A1 /* XCCukeSampleAppTests */,
				F0013B3D1BBDAABE004787A1 /* XCCukeSampleAppUITests */,
			);
		};
/* End PBXProject section */

/* Begin PBXReferenceProxy section */
		F0C1AAC91BBDC27A004C5B1E /* libXCCuke.a */ = {
			isa = PBXReferenceProxy;
			fileType = archive.ar;
			path = libXCCuke.a;
			remoteRef = F0C1AAC81BBDC27A004C5B1E /* PBXContainerItemProxy */;
			sourceTree = BUILT_PRODUCTS_DIR;
		};
		F0C1AACB1BBDC27A004C5B1E /* XCCukeTests.xctest */ = {
			isa = PBXReferenceProxy;
			fileType = wrapper.cfbundle;
			path = XCCukeTests.xctest;
			remoteRef = F0C1AACA1BBDC27A004C5B1E /* PBXContainerItemProxy */;
			sourceTree = BUILT_PRODUCTS_DIR;
		};
/* End PBXReferenceProxy section */

/* Begin PBXResourcesBuildPhase section */
		F0013B181BBDAABE004787A1 /* Resources */ = {
			isa = PBXResourcesBuildPhase;
			buildActionMask = 2147483647;
			files = (
				F0013B2D1BBDAABE004787A1 /* LaunchScreen.storyboard in Resources */,
				F0013B2A1BBDAABE004787A1 /* Assets.xcassets in Resources */,
				F0013B281BBDAABE004787A1 /* Main.storyboard in Resources */,
			);
			runOnlyForDeploymentPostprocessing = 0;
		};
		F0013B311BBDAABE004787A1 /* Resources */ = {
			isa = PBXResourcesBuildPhase;
			buildActionMask = 2147483647;
			files = (
			);
			runOnlyForDeploymentPostprocessing = 0;
		};
		F0013B3C1BBDAABE004787A1 /* Resources */ = {
			isa = PBXResourcesBuildPhase;
			buildActionMask = 2147483647;
			files = (
				F0AF996D1BBF220F00F6406D /* DeviceActions.feature in Resources */,
				F0013B6B1BBDAE05004787A1 /* ButtonTap.feature in Resources */,
				F0C1AAD21BBDC54C004C5B1E /* FailingSteps.feature in Resources */,
			);
			runOnlyForDeploymentPostprocessing = 0;
		};
/* End PBXResourcesBuildPhase section */

/* Begin PBXSourcesBuildPhase section */
		F0013B161BBDAABE004787A1 /* Sources */ = {
			isa = PBXSourcesBuildPhase;
			buildActionMask = 2147483647;
			files = (
				F0013B251BBDAABE004787A1 /* ViewController.m in Sources */,
				F0013B221BBDAABE004787A1 /* AppDelegate.m in Sources */,
				F0013B1F1BBDAABE004787A1 /* main.m in Sources */,
			);
			runOnlyForDeploymentPostprocessing = 0;
		};
		F0013B2F1BBDAABE004787A1 /* Sources */ = {
			isa = PBXSourcesBuildPhase;
			buildActionMask = 2147483647;
			files = (
				F0013B381BBDAABE004787A1 /* XCCukeSampleAppTests.m in Sources */,
			);
			runOnlyForDeploymentPostprocessing = 0;
		};
		F0013B3A1BBDAABE004787A1 /* Sources */ = {
			isa = PBXSourcesBuildPhase;
			buildActionMask = 2147483647;
			files = (
				F0013B691BBDAE05004787A1 /* AllFeatures.m in Sources */,
				F04512431BBFE32A0064CC43 /* LaunchAppObserver.m in Sources */,
				F0013B6A1BBDAE05004787A1 /* ButtonTap.m in Sources */,
				F0BABA3E1BBDD54A001977A3 /* Navigation.swift in Sources */,
				F0C1AAD41BBDC5A1004C5B1E /* FailingSteps.m in Sources */,
				F0013B431BBDAABE004787A1 /* XCSampleAppUITests.m in Sources */,
			);
			runOnlyForDeploymentPostprocessing = 0;
		};
/* End PBXSourcesBuildPhase section */

/* Begin PBXTargetDependency section */
		F0013B351BBDAABE004787A1 /* PBXTargetDependency */ = {
			isa = PBXTargetDependency;
			target = F0013B191BBDAABE004787A1 /* XCCukeSampleApp */;
			targetProxy = F0013B341BBDAABE004787A1 /* PBXContainerItemProxy */;
		};
		F0C1AACD1BBDC3E7004C5B1E /* PBXTargetDependency */ = {
			isa = PBXTargetDependency;
			target = F0013B191BBDAABE004787A1 /* XCCukeSampleApp */;
			targetProxy = F0C1AACC1BBDC3E7004C5B1E /* PBXContainerItemProxy */;
		};
		F0C1AACF1BBDC3EA004C5B1E /* PBXTargetDependency */ = {
			isa = PBXTargetDependency;
			name = XCCuke;
			targetProxy = F0C1AACE1BBDC3EA004C5B1E /* PBXContainerItemProxy */;
		};
/* End PBXTargetDependency section */

/* Begin PBXVariantGroup section */
		F0013B261BBDAABE004787A1 /* Main.storyboard */ = {
			isa = PBXVariantGroup;
			children = (
				F0013B271BBDAABE004787A1 /* Base */,
			);
			name = Main.storyboard;
			sourceTree = "<group>";
		};
		F0013B2B1BBDAABE004787A1 /* LaunchScreen.storyboard */ = {
			isa = PBXVariantGroup;
			children = (
				F0013B2C1BBDAABE004787A1 /* Base */,
			);
			name = LaunchScreen.storyboard;
			sourceTree = "<group>";
		};
/* End PBXVariantGroup section */

/* Begin XCBuildConfiguration section */
		F0013B451BBDAABE004787A1 /* Debug */ = {
			isa = XCBuildConfiguration;
			buildSettings = {
				ALWAYS_SEARCH_USER_PATHS = NO;
				CLANG_CXX_LANGUAGE_STANDARD = "gnu++0x";
				CLANG_CXX_LIBRARY = "libc++";
				CLANG_ENABLE_MODULES = YES;
				CLANG_ENABLE_OBJC_ARC = YES;
				CLANG_WARN_BOOL_CONVERSION = YES;
				CLANG_WARN_CONSTANT_CONVERSION = YES;
				CLANG_WARN_DIRECT_OBJC_ISA_USAGE = YES_ERROR;
				CLANG_WARN_EMPTY_BODY = YES;
				CLANG_WARN_ENUM_CONVERSION = YES;
				CLANG_WARN_INT_CONVERSION = YES;
				CLANG_WARN_OBJC_ROOT_CLASS = YES_ERROR;
				CLANG_WARN_UNREACHABLE_CODE = YES;
				CLANG_WARN__DUPLICATE_METHOD_MATCH = YES;
				"CODE_SIGN_IDENTITY[sdk=iphoneos*]" = "iPhone Developer";
				COPY_PHASE_STRIP = NO;
				DEBUG_INFORMATION_FORMAT = dwarf;
				ENABLE_STRICT_OBJC_MSGSEND = YES;
				ENABLE_TESTABILITY = YES;
				GCC_C_LANGUAGE_STANDARD = gnu99;
				GCC_DYNAMIC_NO_PIC = NO;
				GCC_NO_COMMON_BLOCKS = YES;
				GCC_OPTIMIZATION_LEVEL = 0;
				GCC_PREPROCESSOR_DEFINITIONS = (
					"DEBUG=1",
					"$(inherited)",
				);
				GCC_WARN_64_TO_32_BIT_CONVERSION = YES;
				GCC_WARN_ABOUT_RETURN_TYPE = YES_ERROR;
				GCC_WARN_UNDECLARED_SELECTOR = YES;
				GCC_WARN_UNINITIALIZED_AUTOS = YES_AGGRESSIVE;
				GCC_WARN_UNUSED_FUNCTION = YES;
				GCC_WARN_UNUSED_VARIABLE = YES;
				IPHONEOS_DEPLOYMENT_TARGET = 9.0;
				MTL_ENABLE_DEBUG_INFO = YES;
				ONLY_ACTIVE_ARCH = YES;
				SDKROOT = iphoneos;
				TARGETED_DEVICE_FAMILY = "1,2";
			};
			name = Debug;
		};
		F0013B461BBDAABE004787A1 /* Release */ = {
			isa = XCBuildConfiguration;
			buildSettings = {
				ALWAYS_SEARCH_USER_PATHS = NO;
				CLANG_CXX_LANGUAGE_STANDARD = "gnu++0x";
				CLANG_CXX_LIBRARY = "libc++";
				CLANG_ENABLE_MODULES = YES;
				CLANG_ENABLE_OBJC_ARC = YES;
				CLANG_WARN_BOOL_CONVERSION = YES;
				CLANG_WARN_CONSTANT_CONVERSION = YES;
				CLANG_WARN_DIRECT_OBJC_ISA_USAGE = YES_ERROR;
				CLANG_WARN_EMPTY_BODY = YES;
				CLANG_WARN_ENUM_CONVERSION = YES;
				CLANG_WARN_INT_CONVERSION = YES;
				CLANG_WARN_OBJC_ROOT_CLASS = YES_ERROR;
				CLANG_WARN_UNREACHABLE_CODE = YES;
				CLANG_WARN__DUPLICATE_METHOD_MATCH = YES;
				"CODE_SIGN_IDENTITY[sdk=iphoneos*]" = "iPhone Developer";
				COPY_PHASE_STRIP = NO;
				DEBUG_INFORMATION_FORMAT = "dwarf-with-dsym";
				ENABLE_NS_ASSERTIONS = NO;
				ENABLE_STRICT_OBJC_MSGSEND = YES;
				GCC_C_LANGUAGE_STANDARD = gnu99;
				GCC_NO_COMMON_BLOCKS = YES;
				GCC_WARN_64_TO_32_BIT_CONVERSION = YES;
				GCC_WARN_ABOUT_RETURN_TYPE = YES_ERROR;
				GCC_WARN_UNDECLARED_SELECTOR = YES;
				GCC_WARN_UNINITIALIZED_AUTOS = YES_AGGRESSIVE;
				GCC_WARN_UNUSED_FUNCTION = YES;
				GCC_WARN_UNUSED_VARIABLE = YES;
				IPHONEOS_DEPLOYMENT_TARGET = 9.0;
				MTL_ENABLE_DEBUG_INFO = NO;
				SDKROOT = iphoneos;
				TARGETED_DEVICE_FAMILY = "1,2";
				VALIDATE_PRODUCT = YES;
			};
			name = Release;
		};
		F0013B481BBDAABE004787A1 /* Debug */ = {
			isa = XCBuildConfiguration;
			buildSettings = {
				ASSETCATALOG_COMPILER_APPICON_NAME = AppIcon;
				INFOPLIST_FILE = "$(PRODUCT_NAME)/Info.plist";
				LD_RUNPATH_SEARCH_PATHS = "$(inherited) @executable_path/Frameworks";
				PRODUCT_BUNDLE_IDENTIFIER = net.initwithstyle.XCCukeSampleApp;
				PRODUCT_NAME = "$(TARGET_NAME)";
			};
			name = Debug;
		};
		F0013B491BBDAABE004787A1 /* Release */ = {
			isa = XCBuildConfiguration;
			buildSettings = {
				ASSETCATALOG_COMPILER_APPICON_NAME = AppIcon;
				INFOPLIST_FILE = "$(PRODUCT_NAME)/Info.plist";
				LD_RUNPATH_SEARCH_PATHS = "$(inherited) @executable_path/Frameworks";
				PRODUCT_BUNDLE_IDENTIFIER = net.initwithstyle.XCCukeSampleApp;
				PRODUCT_NAME = "$(TARGET_NAME)";
			};
			name = Release;
		};
		F0013B4B1BBDAABE004787A1 /* Debug */ = {
			isa = XCBuildConfiguration;
			buildSettings = {
				BUNDLE_LOADER = "$(TEST_HOST)";
				INFOPLIST_FILE = XCCukeSampleAppTests/Info.plist;
				LD_RUNPATH_SEARCH_PATHS = "$(inherited) @executable_path/Frameworks @loader_path/Frameworks";
				PRODUCT_BUNDLE_IDENTIFIER = net.initwithstyle.XCCukeSampleAppTests;
				PRODUCT_NAME = "$(TARGET_NAME)";
				TEST_HOST = "$(BUILT_PRODUCTS_DIR)/XCCukeSampleApp.app/XCCukeSampleApp";
			};
			name = Debug;
		};
		F0013B4C1BBDAABE004787A1 /* Release */ = {
			isa = XCBuildConfiguration;
			buildSettings = {
				BUNDLE_LOADER = "$(TEST_HOST)";
				INFOPLIST_FILE = XCCukeSampleAppTests/Info.plist;
				LD_RUNPATH_SEARCH_PATHS = "$(inherited) @executable_path/Frameworks @loader_path/Frameworks";
				PRODUCT_BUNDLE_IDENTIFIER = net.initwithstyle.XCCukeSampleAppTests;
				PRODUCT_NAME = "$(TARGET_NAME)";
				TEST_HOST = "$(BUILT_PRODUCTS_DIR)/XCCukeSampleApp.app/XCCukeSampleApp";
			};
			name = Release;
		};
		F0013B4E1BBDAABE004787A1 /* Debug */ = {
			isa = XCBuildConfiguration;
			buildSettings = {
				CLANG_ENABLE_MODULES = YES;
				INFOPLIST_FILE = XCCukeSampleAppUITests/Info.plist;
				LD_RUNPATH_SEARCH_PATHS = "$(inherited) @executable_path/Frameworks @loader_path/Frameworks";
				OTHER_LDFLAGS = (
					"-ObjC",
					"-all_load",
				);
				PRODUCT_BUNDLE_IDENTIFIER = net.initwithstyle.XCCukeSampleAppUITests;
				PRODUCT_NAME = "$(TARGET_NAME)";
				SWIFT_OBJC_BRIDGING_HEADER = "XCCukeSampleAppUITests/XCCukeSampleAppUITests-Bridging-Header.h";
				SWIFT_OPTIMIZATION_LEVEL = "-Onone";
				TEST_TARGET_NAME = XCCukeSampleApp;
				USES_XCTRUNNER = YES;
			};
			name = Debug;
		};
		F0013B4F1BBDAABE004787A1 /* Release */ = {
			isa = XCBuildConfiguration;
			buildSettings = {
				CLANG_ENABLE_MODULES = YES;
				INFOPLIST_FILE = XCCukeSampleAppUITests/Info.plist;
				LD_RUNPATH_SEARCH_PATHS = "$(inherited) @executable_path/Frameworks @loader_path/Frameworks";
				OTHER_LDFLAGS = (
					"-ObjC",
					"-all_load",
				);
				PRODUCT_BUNDLE_IDENTIFIER = net.initwithstyle.XCCukeSampleAppUITests;
				PRODUCT_NAME = "$(TARGET_NAME)";
				SWIFT_OBJC_BRIDGING_HEADER = "XCCukeSampleAppUITests/XCCukeSampleAppUITests-Bridging-Header.h";
				TEST_TARGET_NAME = XCCukeSampleApp;
				USES_XCTRUNNER = YES;
			};
			name = Release;
		};
/* End XCBuildConfiguration section */

/* Begin XCConfigurationList section */
		F0013B151BBDAABE004787A1 /* Build configuration list for PBXProject "XCCukeSampleApp" */ = {
			isa = XCConfigurationList;
			buildConfigurations = (
				F0013B451BBDAABE004787A1 /* Debug */,
				F0013B461BBDAABE004787A1 /* Release */,
			);
			defaultConfigurationIsVisible = 0;
			defaultConfigurationName = Release;
		};
		F0013B471BBDAABE004787A1 /* Build configuration list for PBXNativeTarget "XCCukeSampleApp" */ = {
			isa = XCConfigurationList;
			buildConfigurations = (
				F0013B481BBDAABE004787A1 /* Debug */,
				F0013B491BBDAABE004787A1 /* Release */,
			);
			defaultConfigurationIsVisible = 0;
			defaultConfigurationName = Release;
		};
		F0013B4A1BBDAABE004787A1 /* Build configuration list for PBXNativeTarget "XCCukeSampleAppTests" */ = {
			isa = XCConfigurationList;
			buildConfigurations = (
				F0013B4B1BBDAABE004787A1 /* Debug */,
				F0013B4C1BBDAABE004787A1 /* Release */,
			);
			defaultConfigurationIsVisible = 0;
			defaultConfigurationName = Release;
		};
		F0013B4D1BBDAABE004787A1 /* Build configuration list for PBXNativeTarget "XCCukeSampleAppUITests" */ = {
			isa = XCConfigurationList;
			buildConfigurations = (
				F0013B4E1BBDAABE004787A1 /* Debug */,
				F0013B4F1BBDAABE004787A1 /* Release */,
			);
			defaultConfigurationIsVisible = 0;
			defaultConfigurationName = Release;
		};
/* End XCConfigurationList section */
	};
	rootObject = F0013B121BBDAABE004787A1 /* Project object */;
}
